
Microsoft Visual Studio Solution File, Format Version 12.00
# Visual Studio Version 17
VisualStudioVersion = 17.5.33627.172
MinimumVisualStudioVersion = 10.0.40219.1
Project("{FAE04EC0-301F-11D3-BF4B-00C04F79EFBC}") = "rtd_priviledge", "rtd_priviledge\rtd_priviledge.csproj", "{43B30F34-526C-42DE-9F86-B3A1505E130C}"
EndProject
Global
	GlobalSection(SolutionConfigurationPlatforms) = preSolution
		Debug|Any CPU = Debug|Any CPU
		Release|Any CPU = Release|Any CPU
	EndGlobalSection
	GlobalSection(ProjectConfigurationPlatforms) = postSolution
		{43B30F34-526C-42DE-9F86-B3A1505E130C}.Debug|Any CPU.ActiveCfg = Debug|Any CPU
		{43B30F34-526C-42DE-9F86-B3A1505E130C}.Debug|Any CPU.Build.0 = Debug|Any CPU
		{43B30F34-526C-42DE-9F86-B3A1505E130C}.Release|Any CPU.ActiveCfg = Release|Any CPU
		{43B30F34-526C-42DE-9F86-B3A1505E130C}.Release|Any CPU.Build.0 = Release|Any CPU
	EndGlobalSection
	GlobalSection(SolutionProperties) = preSolution
		HideSolutionNode = FALSE
	EndGlobalSection
	GlobalSection(ExtensibilityGlobals) = postSolution
		SolutionGuid = {0811E84A-C95A-4DE7-8EB8-B7EA11B63893}
	EndGlobalSection
EndGlobal
